
Microsoft Visual Studio Solution File, Format Version 12.00
# Visual Studio Version 16
VisualStudioVersion = 16.0.31229.75
MinimumVisualStudioVersion = 10.0.40219.1
Project("{2150E333-8FDC-42A3-9474-1A3956D46DE8}") = "Cecam.Domain", "Cecam.Domain", "{EB9289EF-3FDD-4BA5-B3CC-EE29CFB24881}"
EndProject
Project("{2150E333-8FDC-42A3-9474-1A3956D46DE8}") = "Cecam.Web", "Cecam.Web", "{86FD6B1F-0532-41CD-AA11-E9FED97EF10B}"
EndProject
Project("{2150E333-8FDC-42A3-9474-1A3956D46DE8}") = "Cecam.Infra", "Cecam.Infra", "{A500D0AB-E526-41CD-A38E-BA66D49411E4}"
EndProject
Project("{2150E333-8FDC-42A3-9474-1A3956D46DE8}") = "Cecam.Service", "Cecam.Service", "{267A0D45-9BDE-4B6E-B9B9-F36F087F1659}"
EndProject
Project("{FAE04EC0-301F-11D3-BF4B-00C04F79EFBC}") = "Cecam.Domain", "Cecam.Domain\Cecam.Domain.csproj", "{A86544A8-D6D0-425D-B8A0-2D4FAF437262}"
EndProject
Project("{FAE04EC0-301F-11D3-BF4B-00C04F79EFBC}") = "Cecam.Infra.Data", "Cecam.Infra.Data\Cecam.Infra.Data.csproj", "{91206E1F-1ECE-47DB-A4A4-5557AFB64652}"
EndProject
Project("{FAE04EC0-301F-11D3-BF4B-00C04F79EFBC}") = "Cecam.Infra.IoC", "Cecam.Infra.IoC\Cecam.Infra.IoC.csproj", "{0408EBBD-0005-4F99-AAA6-10393BF9364E}"
EndProject
Project("{FAE04EC0-301F-11D3-BF4B-00C04F79EFBC}") = "Cecam.Service", "Cecam.Service\Cecam.Service.csproj", "{B618CCBB-EFFC-4F4B-84B4-26325B7FFAA1}"
EndProject
Project("{FAE04EC0-301F-11D3-BF4B-00C04F79EFBC}") = "Cecam.Web.SiteForms", "Cecam.Web.SiteForms\Cecam.Web.SiteForms.csproj", "{16502F36-88E4-4329-B031-E08563CBED18}"
EndProject
Project("{2150E333-8FDC-42A3-9474-1A3956D46DE8}") = "Cecam.Tests", "Cecam.Tests", "{9C085DE2-6FB9-4153-91EE-E7E2509A1CD1}"
EndProject
Project("{FAE04EC0-301F-11D3-BF4B-00C04F79EFBC}") = "Cecam.Tests.Service", "Cecam.Tests.Service\Cecam.Tests.Service.csproj", "{8AAE2E7F-C8D9-43CE-AE7D-67170E87592A}"
EndProject
Project("{2150E333-8FDC-42A3-9474-1A3956D46DE8}") = "src", "src", "{FCBFE60C-1069-4E65-8547-8B612528DA9F}"
EndProject
Project("{2150E333-8FDC-42A3-9474-1A3956D46DE8}") = "tests", "tests", "{FBDBB9B4-83A5-4F0D-A6A8-73EB973959D7}"
EndProject
Global
	GlobalSection(SolutionConfigurationPlatforms) = preSolution
		Debug|Any CPU = Debug|Any CPU
		Release|Any CPU = Release|Any CPU
	EndGlobalSection
	GlobalSection(ProjectConfigurationPlatforms) = postSolution
		{A86544A8-D6D0-425D-B8A0-2D4FAF437262}.Debug|Any CPU.ActiveCfg = Debug|Any CPU
		{A86544A8-D6D0-425D-B8A0-2D4FAF437262}.Debug|Any CPU.Build.0 = Debug|Any CPU
		{A86544A8-D6D0-425D-B8A0-2D4FAF437262}.Release|Any CPU.ActiveCfg = Release|Any CPU
		{A86544A8-D6D0-425D-B8A0-2D4FAF437262}.Release|Any CPU.Build.0 = Release|Any CPU
		{91206E1F-1ECE-47DB-A4A4-5557AFB64652}.Debug|Any CPU.ActiveCfg = Debug|Any CPU
		{91206E1F-1ECE-47DB-A4A4-5557AFB64652}.Debug|Any CPU.Build.0 = Debug|Any CPU
		{91206E1F-1ECE-47DB-A4A4-5557AFB64652}.Release|Any CPU.ActiveCfg = Release|Any CPU
		{91206E1F-1ECE-47DB-A4A4-5557AFB64652}.Release|Any CPU.Build.0 = Release|Any CPU
		{0408EBBD-0005-4F99-AAA6-10393BF9364E}.Debug|Any CPU.ActiveCfg = Debug|Any CPU
		{0408EBBD-0005-4F99-AAA6-10393BF9364E}.Debug|Any CPU.Build.0 = Debug|Any CPU
		{0408EBBD-0005-4F99-AAA6-10393BF9364E}.Release|Any CPU.ActiveCfg = Release|Any CPU
		{0408EBBD-0005-4F99-AAA6-10393BF9364E}.Release|Any CPU.Build.0 = Release|Any CPU
		{B618CCBB-EFFC-4F4B-84B4-26325B7FFAA1}.Debug|Any CPU.ActiveCfg = Debug|Any CPU
		{B618CCBB-EFFC-4F4B-84B4-26325B7FFAA1}.Debug|Any CPU.Build.0 = Debug|Any CPU
		{B618CCBB-EFFC-4F4B-84B4-26325B7FFAA1}.Release|Any CPU.ActiveCfg = Release|Any CPU
		{B618CCBB-EFFC-4F4B-84B4-26325B7FFAA1}.Release|Any CPU.Build.0 = Release|Any CPU
		{16502F36-88E4-4329-B031-E08563CBED18}.Debug|Any CPU.ActiveCfg = Debug|Any CPU
		{16502F36-88E4-4329-B031-E08563CBED18}.Debug|Any CPU.Build.0 = Debug|Any CPU
		{16502F36-88E4-4329-B031-E08563CBED18}.Release|Any CPU.ActiveCfg = Release|Any CPU
		{16502F36-88E4-4329-B031-E08563CBED18}.Release|Any CPU.Build.0 = Release|Any CPU
		{8AAE2E7F-C8D9-43CE-AE7D-67170E87592A}.Debug|Any CPU.ActiveCfg = Debug|Any CPU
		{8AAE2E7F-C8D9-43CE-AE7D-67170E87592A}.Debug|Any CPU.Build.0 = Debug|Any CPU
		{8AAE2E7F-C8D9-43CE-AE7D-67170E87592A}.Release|Any CPU.ActiveCfg = Release|Any CPU
		{8AAE2E7F-C8D9-43CE-AE7D-67170E87592A}.Release|Any CPU.Build.0 = Release|Any CPU
	EndGlobalSection
	GlobalSection(SolutionProperties) = preSolution
		HideSolutionNode = FALSE
	EndGlobalSection
	GlobalSection(NestedProjects) = preSolution
		{EB9289EF-3FDD-4BA5-B3CC-EE29CFB24881} = {FCBFE60C-1069-4E65-8547-8B612528DA9F}
		{86FD6B1F-0532-41CD-AA11-E9FED97EF10B} = {FCBFE60C-1069-4E65-8547-8B612528DA9F}
		{A500D0AB-E526-41CD-A38E-BA66D49411E4} = {FCBFE60C-1069-4E65-8547-8B612528DA9F}
		{267A0D45-9BDE-4B6E-B9B9-F36F087F1659} = {FCBFE60C-1069-4E65-8547-8B612528DA9F}
		{A86544A8-D6D0-425D-B8A0-2D4FAF437262} = {EB9289EF-3FDD-4BA5-B3CC-EE29CFB24881}
		{91206E1F-1ECE-47DB-A4A4-5557AFB64652} = {A500D0AB-E526-41CD-A38E-BA66D49411E4}
		{0408EBBD-0005-4F99-AAA6-10393BF9364E} = {A500D0AB-E526-41CD-A38E-BA66D49411E4}
		{B618CCBB-EFFC-4F4B-84B4-26325B7FFAA1} = {267A0D45-9BDE-4B6E-B9B9-F36F087F1659}
		{16502F36-88E4-4329-B031-E08563CBED18} = {86FD6B1F-0532-41CD-AA11-E9FED97EF10B}
		{9C085DE2-6FB9-4153-91EE-E7E2509A1CD1} = {FBDBB9B4-83A5-4F0D-A6A8-73EB973959D7}
		{8AAE2E7F-C8D9-43CE-AE7D-67170E87592A} = {9C085DE2-6FB9-4153-91EE-E7E2509A1CD1}
	EndGlobalSection
	GlobalSection(ExtensibilityGlobals) = postSolution
		SolutionGuid = {35707340-E477-40D3-A314-EFE753967305}
	EndGlobalSection
EndGlobal
